Microsoft Visual Studio Solution File, Format Version 12.00
# Visual Studio Version 17
VisualStudioVersion = 17.5.2.0
MinimumVisualStudioVersion = 10.0.40219.1
Project("{FAE04EC0-301F-11D3-BF4B-00C04F79EFBC}") = "StudentCourseApp", "StudentCourseApp.csproj", "{21CE566B-7903-93EF-C6DF-95F465A14C98}"
EndProject
Global
	GlobalSection(SolutionConfigurationPlatforms) = preSolution
		Debug|Any CPU = Debug|Any CPU
		Release|Any CPU = Release|Any CPU
	EndGlobalSection
	GlobalSection(ProjectConfigurationPlatforms) = postSolution
		{21CE566B-7903-93EF-C6DF-95F465A14C98}.Debug|Any CPU.ActiveCfg = Debug|Any CPU
		{21CE566B-7903-93EF-C6DF-95F465A14C98}.Debug|Any CPU.Build.0 = Debug|Any CPU
		{21CE566B-7903-93EF-C6DF-95F465A14C98}.Release|Any CPU.ActiveCfg = Release|Any CPU
		{21CE566B-7903-93EF-C6DF-95F465A14C98}.Release|Any CPU.Build.0 = Release|Any CPU
	EndGlobalSection
	GlobalSection(SolutionProperties) = preSolution
		HideSolutionNode = FALSE
	EndGlobalSection
	GlobalSection(ExtensibilityGlobals) = postSolution
		SolutionGuid = {3FFBB754-B38F-4828-B9D2-A873DEC3319B}
	EndGlobalSection
EndGlobal
